
Microsoft Visual Studio Solution File, Format Version 12.00
# Visual Studio Version 16
VisualStudioVersion = 16.0.30711.63
MinimumVisualStudioVersion = 10.0.40219.1
Project("{FAE04EC0-301F-11D3-BF4B-00C04F79EFBC}") = "Music", "Music\Music.csproj", "{618BD4C7-8387-4E4C-88E9-1108C979ABD6}"
EndProject
Global
	GlobalSection(SolutionConfigurationPlatforms) = preSolution
		Debug|Any CPU = Debug|Any CPU
		Release|Any CPU = Release|Any CPU
	EndGlobalSection
	GlobalSection(ProjectConfigurationPlatforms) = postSolution
		{618BD4C7-8387-4E4C-88E9-1108C979ABD6}.Debug|Any CPU.ActiveCfg = Debug|Any CPU
		{618BD4C7-8387-4E4C-88E9-1108C979ABD6}.Debug|Any CPU.Build.0 = Debug|Any CPU
		{618BD4C7-8387-4E4C-88E9-1108C979ABD6}.Release|Any CPU.ActiveCfg = Release|Any CPU
		{618BD4C7-8387-4E4C-88E9-1108C979ABD6}.Release|Any CPU.Build.0 = Release|Any CPU
	EndGlobalSection
	GlobalSection(SolutionProperties) = preSolution
		HideSolutionNode = FALSE
	EndGlobalSection
	GlobalSection(ExtensibilityGlobals) = postSolution
		SolutionGuid = {35BA1708-B2A9-467C-8EE8-EEFC375E1542}
	EndGlobalSection
EndGlobal
